# This file is automatically @generated by Cargo.
# It is not intended for manual editing.
version = 4

[[package]]
name = "aho-corasick"
version = "1.1.4"
source = "registry+https://github.com/rust-lang/crates.io-index"
checksum = "ddd31a130427c27518df266943a5308ed92d4b226cc639f5a8f1002816174301"
dependencies = [
 "memchr",
]

[[package]]
name = "common"
version = "0.1.0"

[[package]]
name = "day01"
version = "0.1.0"
dependencies = [
 "common",
]

[[package]]
name = "day02"
version = "0.1.0"
dependencies = [
 "common",
 "regex",
]

[[package]]
name = "day03"
version = "0.1.0"
dependencies = [
 "common",
]

[[package]]
name = "day04"
version = "0.1.0"
dependencies = [
 "common",
]

[[package]]
name = "day05"
version = "0.1.0"
dependencies = [
 "common",
]

[[package]]
name = "day06"
version = "0.1.0"
dependencies = [
 "common",
]

[[package]]
name = "day07"
version = "0.1.0"
dependencies = [
 "common",
]

[[package]]
name = "day08"
version = "0.1.0"
dependencies = [
 "common",
 "regex",
]

[[package]]
name = "day09"
version = "0.1.0"
dependencies = [
 "common",
]

[[package]]
name = "day10"
version = "0.1.0"
dependencies = [
 "common",
]

[[package]]
name = "day11"
version = "0.1.0"
dependencies = [
 "common",
]

[[package]]
name = "day12"
version = "0.1.0"
dependencies = [
 "common",
]

[[package]]
name = "day13"
version = "0.1.0"
dependencies = [
 "common",
]

[[package]]
name = "day14"
version = "0.1.0"
dependencies = [
 "common",
]

[[package]]
name = "day15"
version = "0.1.0"
dependencies = [
 "common",
 "regex",
]

[[package]]
name = "day16"
version = "0.1.0"
dependencies = [
 "common",
]

[[package]]
name = "day17"
version = "0.1.0"
dependencies = [
 "common",
]

[[package]]
name = "day18"
version = "0.1.0"
dependencies = [
 "common",
 "regex",
]

[[package]]
name = "day19"
version = "0.1.0"
dependencies = [
 "common",
 "regex",
]

[[package]]
name = "day20"
version = "0.1.0"
dependencies = [
 "common",
 "regex",
]

[[package]]
name = "day21"
version = "0.1.0"
dependencies = [
 "common",
]

[[package]]
name = "day22"
version = "0.1.0"
dependencies = [
 "common",
 "regex",
]

[[package]]
name = "day23"
version = "0.1.0"
dependencies = [
 "common",
]

[[package]]
name = "day24"
version = "0.1.0"
dependencies = [
 "common",
]

[[package]]
name = "day25"
version = "0.1.0"
dependencies = [
 "common",
 "debug_print",
]

[[package]]
name = "debug_print"
version = "1.0.0"
source = "registry+https://github.com/rust-lang/crates.io-index"
checksum = "8f215f9b7224f49fb73256115331f677d868b34d18b65dbe4db392e6021eea90"

[[package]]
name = "memchr"
version = "2.8.0"
source = "registry+https://github.com/rust-lang/crates.io-index"
checksum = "f8ca58f447f06ed17d5fc4043ce1b10dd205e060fb3ce5b979b8ed8e59ff3f79"

[[package]]
name = "regex"
version = "1.12.3"
source = "registry+https://github.com/rust-lang/crates.io-index"
checksum = "e10754a14b9137dd7b1e3e5b0493cc9171fdd105e0ab477f51b72e7f3ac0e276"
dependencies = [
 "aho-corasick",
 "memchr",
 "regex-automata",
 "regex-syntax",
]

[[package]]
name = "regex-automata"
version = "0.4.14"
source = "registry+https://github.com/rust-lang/crates.io-index"
checksum = "6e1dd4122fc1595e8162618945476892eefca7b88c52820e74af6262213cae8f"
dependencies = [
 "aho-corasick",
 "memchr",
 "regex-syntax",
]

[[package]]
name = "regex-syntax"
version = "0.8.10"
source = "registry+https://github.com/rust-lang/crates.io-index"
checksum = "dc897dd8d9e8bd1ed8cdad82b5966c3e0ecae09fb1907d58efaa013543185d0a"
